
Microsoft Visual Studio Solution File, Format Version 12.00
# Visual Studio 15
VisualStudioVersion = 15.0.28010.2003
MinimumVisualStudioVersion = 10.0.40219.1
Project("{9A19103F-16F7-4668-BE54-9A1E7A4F7556}") = "Sommer18GUIeksamenweb", "Sommer18GUIeksamenweb\Sommer18GUIeksamenweb.csproj", "{93151837-BE7D-45A4-9CF7-DD6DF9265E14}"
EndProject
Global
	GlobalSection(SolutionConfigurationPlatforms) = preSolution
		Debug|Any CPU = Debug|Any CPU
		Release|Any CPU = Release|Any CPU
	EndGlobalSection
	GlobalSection(ProjectConfigurationPlatforms) = postSolution
		{93151837-BE7D-45A4-9CF7-DD6DF9265E14}.Debug|Any CPU.ActiveCfg = Debug|Any CPU
		{93151837-BE7D-45A4-9CF7-DD6DF9265E14}.Debug|Any CPU.Build.0 = Debug|Any CPU
		{93151837-BE7D-45A4-9CF7-DD6DF9265E14}.Release|Any CPU.ActiveCfg = Release|Any CPU
		{93151837-BE7D-45A4-9CF7-DD6DF9265E14}.Release|Any CPU.Build.0 = Release|Any CPU
	EndGlobalSection
	GlobalSection(SolutionProperties) = preSolution
		HideSolutionNode = FALSE
	EndGlobalSection
	GlobalSection(ExtensibilityGlobals) = postSolution
		SolutionGuid = {0686E77F-7FF1-4FB1-A13E-A205A45DCCEF}
	EndGlobalSection
EndGlobal
